{
    "name": "react-redux-template",
    "version": "0.1.0",
    "lockfileVersion": 1,
    "requires": true,
    "dependencies": {
        "@fortawesome/fontawesome-common-types": {
            "version": "0.2.34",
            "resolved": "https://registry.npmjs.org/@fortawesome/fontawesome-common-types/-/fontawesome-common-types-0.2.34.tgz",
            "integrity": "sha512-XcIn3iYbTEzGIxD0/dY5+4f019jIcEIWBiHc3KrmK/ROahwxmZ/s+tdj97p/5K0klz4zZUiMfUlYP0ajhSJjmA=="
        },
        "@fortawesome/fontawesome-svg-core": {
            "version": "1.2.34",
            "resolved": "https://registry.npmjs.org/@fortawesome/fontawesome-svg-core/-/fontawesome-svg-core-1.2.34.tgz",
            "integrity": "sha512-0KNN0nc5eIzaJxlv43QcDmTkDY1CqeN6J7OCGSs+fwGPdtv0yOQqRjieopBCmw+yd7uD3N2HeNL3Zm5isDleLg==",
            "requires": {
                "@fortawesome/fontawesome-common-types": "^0.2.34"
            }
        },
        "@fortawesome/free-brands-svg-icons": {
            "version": "5.15.2",
            "resolved": "https://registry.npmjs.org/@fortawesome/free-brands-svg-icons/-/free-brands-svg-icons-5.15.2.tgz",
            "integrity": "sha512-YPlVjE1cEO+OJ9I9ay3TQ3I88+XkxMTYwnnddqAboxLhPNGncsHV0DjWOVLCyuAY66yPfyndWwVn4v7vuqsO1g==",
            "requires": {
                "@fortawesome/fontawesome-common-types": "^0.2.34"
            }
        },
        "@fortawesome/free-regular-svg-icons": {
            "version": "5.15.2",
            "resolved": "https://registry.npmjs.org/@fortawesome/free-regular-svg-icons/-/free-regular-svg-icons-5.15.2.tgz",
            "integrity": "sha512-Uv5NQCYjyisNVTu/1Xjs+z8vwQjbfT6hiqYvQNfF0n8qdgfWLM581bAfVMQ3BCs1SPy+eEUKNcGkK4n0FihFHg==",
            "requires": {
                "@fortawesome/fontawesome-common-types": "^0.2.34"
            }
        },
        "@fortawesome/free-solid-svg-icons": {
            "version": "5.15.2",
            "resolved": "https://registry.npmjs.org/@fortawesome/free-solid-svg-icons/-/free-solid-svg-icons-5.15.2.tgz",
            "integrity": "sha512-ZfCU+QjaFsdNZmOGmfqEWhzI3JOe37x5dF4kz9GeXvKn/sTxhqMtZ7mh3lBf76SvcYY5/GKFuyG7p1r4iWMQqw==",
            "requires": {
                "@fortawesome/fontawesome-common-types": "^0.2.34"
            }
        },
        "@fortawesome/react-fontawesome": {
            "version": "0.1.14",
            "resolved": "https://registry.npmjs.org/@fortawesome/react-fontawesome/-/react-fontawesome-0.1.14.tgz",
            "integrity": "sha512-4wqNb0gRLVaBm/h+lGe8UfPPivcbuJ6ecI4hIgW0LjI7kzpYB9FkN0L9apbVzg+lsBdcTf0AlBtODjcSX5mmKA==",
            "requires": {
                "prop-types": "^15.7.2"
            }
        },
        "@upstatement/prettier-config": {
            "version": "0.3.0",
            "resolved": "https://registry.npmjs.org/@upstatement/prettier-config/-/prettier-config-0.3.0.tgz",
            "integrity": "sha512-/DCKpd5tsgZ7Mshb7MSLdFkPRXHxZhzEKJP9ZW58ix0ARw1nbrcdbyiovHEutiQqmh4OjdLJjIAJ2MVUiEaB+Q==",
            "dev": true,
            "requires": {
                "prettier": "^1.x.x"
            }
        },
        "bootstrap": {
            "version": "4.6.0",
            "resolved": "https://registry.npmjs.org/bootstrap/-/bootstrap-4.6.0.tgz",
            "integrity": "sha512-Io55IuQY3kydzHtbGvQya3H+KorS/M9rSNyfCGCg9WZ4pyT/lCxIlpJgG1GXW/PswzC84Tr2fBYi+7+jFVQQBw=="
        },
        "growly": {
            "version": "1.3.0",
            "resolved": "https://registry.npmjs.org/growly/-/growly-1.3.0.tgz",
            "integrity": "sha1-8QdIy+dq+WS3yWyTxrzCivEgwIE="
        },
        "is-docker": {
            "version": "2.1.1",
            "resolved": "https://registry.npmjs.org/is-docker/-/is-docker-2.1.1.tgz",
            "integrity": "sha512-ZOoqiXfEwtGknTiuDEy8pN2CfE3TxMHprvNer1mXiqwkOT77Rw3YVrUQ52EqAOU3QAWDQ+bQdx7HJzrv7LS2Hw=="
        },
        "is-wsl": {
            "version": "2.2.0",
            "resolved": "https://registry.npmjs.org/is-wsl/-/is-wsl-2.2.0.tgz",
            "integrity": "sha512-fKzAra0rGJUUBwGBgNkHZuToZcn+TtXHpeCgmkMJMMYx1sQDYaCSyjJBSCa2nH1DGm7s3n1oBnohoVTBaN7Lww==",
            "requires": {
                "is-docker": "^2.0.0"
            }
        },
        "isexe": {
            "version": "2.0.0",
            "resolved": "https://registry.npmjs.org/isexe/-/isexe-2.0.0.tgz",
            "integrity": "sha1-6PvzdNxVb/iUehDcsFctYz8s+hA="
        },
        "jquery": {
            "version": "3.5.1",
            "resolved": "https://registry.npmjs.org/jquery/-/jquery-3.5.1.tgz",
            "integrity": "sha512-XwIBPqcMn57FxfT+Go5pzySnm4KWkT1Tv7gjrpT1srtf8Weynl6R273VJ5GjkRb51IzMp5nbaPjJXMWeju2MKg=="
        },
        "js-tokens": {
            "version": "4.0.0",
            "resolved": "https://registry.npmjs.org/js-tokens/-/js-tokens-4.0.0.tgz",
            "integrity": "sha512-RdJUflcE3cUzKiMqQgsCu06FPu9UdIJO0beYbPhHN4k6apgJtifcoCtT9bcxOpYBtpD2kCM6Sbzg4CausW/PKQ=="
        },
        "loose-envify": {
            "version": "1.4.0",
            "resolved": "https://registry.npmjs.org/loose-envify/-/loose-envify-1.4.0.tgz",
            "integrity": "sha512-lyuxPGr/Wfhrlem2CL/UcnUc1zcqKAImBDzukY7Y5F/yQiNdko6+fRLevlw1HgMySw7f611UIY408EtxRSoK3Q==",
            "requires": {
                "js-tokens": "^3.0.0 || ^4.0.0"
            }
        },
        "lru-cache": {
            "version": "6.0.0",
            "resolved": "https://registry.npmjs.org/lru-cache/-/lru-cache-6.0.0.tgz",
            "integrity": "sha512-Jo6dJ04CmSjuznwJSS3pUeWmd/H0ffTlkXXgwZi+eq1UCmqQwCh+eLsYOYCwY991i2Fah4h1BEMCx4qThGbsiA==",
            "requires": {
                "yallist": "^4.0.0"
            }
        },
        "node-notifier": {
            "version": "8.0.1",
            "resolved": "https://registry.npmjs.org/node-notifier/-/node-notifier-8.0.1.tgz",
            "integrity": "sha512-BvEXF+UmsnAfYfoapKM9nGxnP+Wn7P91YfXmrKnfcYCx6VBeoN5Ez5Ogck6I8Bi5k4RlpqRYaw75pAwzX9OphA==",
            "requires": {
                "growly": "^1.3.0",
                "is-wsl": "^2.2.0",
                "semver": "^7.3.2",
                "shellwords": "^0.1.1",
                "uuid": "^8.3.0",
                "which": "^2.0.2"
            }
        },
        "object-assign": {
            "version": "4.1.1",
            "resolved": "https://registry.npmjs.org/object-assign/-/object-assign-4.1.1.tgz",
            "integrity": "sha1-IQmtx5ZYh8/AXLvUQsrIv7s2CGM="
        },
        "object-path": {
            "version": "0.11.5",
            "resolved": "https://registry.npmjs.org/object-path/-/object-path-0.11.5.tgz",
            "integrity": "sha512-jgSbThcoR/s+XumvGMTMf81QVBmah+/Q7K7YduKeKVWL7N111unR2d6pZZarSk6kY/caeNxUDyxOvMWyzoU2eg=="
        },
        "popper.js": {
            "version": "1.16.1",
            "resolved": "https://registry.npmjs.org/popper.js/-/popper.js-1.16.1.tgz",
            "integrity": "sha512-Wb4p1J4zyFTbM+u6WuO4XstYx4Ky9Cewe4DWrel7B0w6VVICvPwdOpotjzcf6eD8TsckVnIMNONQyPIUFOUbCQ=="
        },
        "prettier": {
            "version": "1.19.1",
            "resolved": "https://registry.npmjs.org/prettier/-/prettier-1.19.1.tgz",
            "integrity": "sha512-s7PoyDv/II1ObgQunCbB9PdLmUcBZcnWOcxDh7O0N/UwDEsHyqkW+Qh28jW+mVuCdx7gLB0BotYI1Y6uI9iyew==",
            "dev": true
        },
        "prop-types": {
            "version": "15.7.2",
            "resolved": "https://registry.npmjs.org/prop-types/-/prop-types-15.7.2.tgz",
            "integrity": "sha512-8QQikdH7//R2vurIJSutZ1smHYTcLpRWEOlHnzcWHmBYrOGUysKwSsrC89BCiFj3CbrfJ/nXFdJepOVrY1GCHQ==",
            "requires": {
                "loose-envify": "^1.4.0",
                "object-assign": "^4.1.1",
                "react-is": "^16.8.1"
            }
        },
        "react-icons": {
            "version": "4.2.0",
            "resolved": "https://registry.npmjs.org/react-icons/-/react-icons-4.2.0.tgz",
            "integrity": "sha512-rmzEDFt+AVXRzD7zDE21gcxyBizD/3NqjbX6cmViAgdqfJ2UiLer8927/QhhrXQV7dEj/1EGuOTPp7JnLYVJKQ=="
        },
        "react-is": {
            "version": "16.13.1",
            "resolved": "https://registry.npmjs.org/react-is/-/react-is-16.13.1.tgz",
            "integrity": "sha512-24e6ynE2H+OKt4kqsOvNd8kBpV65zoxbA4BVsEOB3ARVWQki/DHzaUoC5KuON/BiccDaCCTZBuOcfZs70kR8bQ=="
        },
        "semver": {
            "version": "7.3.4",
            "resolved": "https://registry.npmjs.org/semver/-/semver-7.3.4.tgz",
            "integrity": "sha512-tCfb2WLjqFAtXn4KEdxIhalnRtoKFN7nAwj0B3ZXCbQloV2tq5eDbcTmT68JJD3nRJq24/XgxtQKFIpQdtvmVw==",
            "requires": {
                "lru-cache": "^6.0.0"
            }
        },
        "shellwords": {
            "version": "0.1.1",
            "resolved": "https://registry.npmjs.org/shellwords/-/shellwords-0.1.1.tgz",
            "integrity": "sha512-vFwSUfQvqybiICwZY5+DAWIPLKsWO31Q91JSKl3UYv+K5c2QRPzn0qzec6QPu1Qc9eHYItiP3NdJqNVqetYAww=="
        },
        "uuid": {
            "version": "8.3.2",
            "resolved": "https://registry.npmjs.org/uuid/-/uuid-8.3.2.tgz",
            "integrity": "sha512-+NYs2QeMWy+GWFOEm9xnn6HCDp0l7QBD7ml8zLUmJ+93Q5NF0NocErnwkTkXVFNiX3/fpC6afS8Dhb/gz7R7eg=="
        },
        "which": {
            "version": "2.0.2",
            "resolved": "https://registry.npmjs.org/which/-/which-2.0.2.tgz",
            "integrity": "sha512-BLI3Tl1TW3Pvl70l3yq3Y64i+awpwXqsGBYWkkqMtnbXgrMD+yj7rhW0kuEDxzJaYXGjEW5ogapKNMEKNMjibA==",
            "requires": {
                "isexe": "^2.0.0"
            }
        },
        "yallist": {
            "version": "4.0.0",
            "resolved": "https://registry.npmjs.org/yallist/-/yallist-4.0.0.tgz",
            "integrity": "sha512-3wdGidZyq5PB084XLES5TpOSRA3wjXAlIWMhum2kRcv/41Sn2emQ0dycQW4uZXLejwKvg6EsvbdlVL+FYEct7A=="
        }
    }
}
